
Microsoft Visual Studio Solution File, Format Version 12.00
# Visual Studio 15
Project("{FAE04EC0-301F-11D3-BF4B-00C04F79EFBC}") = "MyFirst3DGame", "Assembly-CSharp-firstpass.csproj", "{FDB7CE8B-3F5C-888B-C335-24B5723C9DD8}"
EndProject
Project("{FAE04EC0-301F-11D3-BF4B-00C04F79EFBC}") = "MyFirst3DGame", "Assembly-CSharp.csproj", "{651C11CA-B286-614E-3611-C65B1FA88522}"
EndProject
Project("{FAE04EC0-301F-11D3-BF4B-00C04F79EFBC}") = "MyFirst3DGame", "Assembly-CSharp-Editor-firstpass.csproj", "{01F2151C-9780-581F-C240-70A934382974}"
EndProject
Global
	GlobalSection(SolutionConfigurationPlatforms) = preSolution
		Debug|Any CPU = Debug|Any CPU
		Release|Any CPU = Release|Any CPU
	EndGlobalSection
	GlobalSection(ProjectConfigurationPlatforms) = postSolution
		{FDB7CE8B-3F5C-888B-C335-24B5723C9DD8}.Debug|Any CPU.ActiveCfg = Debug|Any CPU
		{FDB7CE8B-3F5C-888B-C335-24B5723C9DD8}.Debug|Any CPU.Build.0 = Debug|Any CPU
		{FDB7CE8B-3F5C-888B-C335-24B5723C9DD8}.Release|Any CPU.ActiveCfg = Release|Any CPU
		{FDB7CE8B-3F5C-888B-C335-24B5723C9DD8}.Release|Any CPU.Build.0 = Release|Any CPU
		{651C11CA-B286-614E-3611-C65B1FA88522}.Debug|Any CPU.ActiveCfg = Debug|Any CPU
		{651C11CA-B286-614E-3611-C65B1FA88522}.Debug|Any CPU.Build.0 = Debug|Any CPU
		{651C11CA-B286-614E-3611-C65B1FA88522}.Release|Any CPU.ActiveCfg = Release|Any CPU
		{651C11CA-B286-614E-3611-C65B1FA88522}.Release|Any CPU.Build.0 = Release|Any CPU
		{01F2151C-9780-581F-C240-70A934382974}.Debug|Any CPU.ActiveCfg = Debug|Any CPU
		{01F2151C-9780-581F-C240-70A934382974}.Debug|Any CPU.Build.0 = Debug|Any CPU
		{01F2151C-9780-581F-C240-70A934382974}.Release|Any CPU.ActiveCfg = Release|Any CPU
		{01F2151C-9780-581F-C240-70A934382974}.Release|Any CPU.Build.0 = Release|Any CPU
	EndGlobalSection
	GlobalSection(SolutionProperties) = preSolution
		HideSolutionNode = FALSE
	EndGlobalSection
EndGlobal
